
Microsoft Visual Studio Solution File, Format Version 12.00
# Visual Studio Version 17
VisualStudioVersion = 17.13.35931.197
MinimumVisualStudioVersion = 10.0.40219.1
Project("{9A19103F-16F7-4668-BE54-9A1E7A4F7556}") = "LitShare.DAL", "..\LitShare.DAL\LitShare.DAL.csproj", "{2C1A7D95-71F2-4CE6-A477-15F76544CD0A}"
EndProject
Project("{9A19103F-16F7-4668-BE54-9A1E7A4F7556}") = "LitShare.BLL", "..\LitShare.BLL\LitShare.BLL.csproj", "{43F19014-E5D0-434C-8423-D1665776C5CC}"
EndProject
Project("{FAE04EC0-301F-11D3-BF4B-00C04F79EFBC}") = "LitShare.Presentation", "LitShare.Presentation\LitShare.Presentation.csproj", "{2B5D8CFF-2580-4D05-A041-6428BFA2CD10}"
EndProject
Global
	GlobalSection(SolutionConfigurationPlatforms) = preSolution
		Debug|Any CPU = Debug|Any CPU
		Release|Any CPU = Release|Any CPU
	EndGlobalSection
	GlobalSection(ProjectConfigurationPlatforms) = postSolution
		{2C1A7D95-71F2-4CE6-A477-15F76544CD0A}.Debug|Any CPU.ActiveCfg = Debug|Any CPU
		{2C1A7D95-71F2-4CE6-A477-15F76544CD0A}.Debug|Any CPU.Build.0 = Debug|Any CPU
		{2C1A7D95-71F2-4CE6-A477-15F76544CD0A}.Release|Any CPU.ActiveCfg = Release|Any CPU
		{2C1A7D95-71F2-4CE6-A477-15F76544CD0A}.Release|Any CPU.Build.0 = Release|Any CPU
		{43F19014-E5D0-434C-8423-D1665776C5CC}.Debug|Any CPU.ActiveCfg = Debug|Any CPU
		{43F19014-E5D0-434C-8423-D1665776C5CC}.Debug|Any CPU.Build.0 = Debug|Any CPU
		{43F19014-E5D0-434C-8423-D1665776C5CC}.Release|Any CPU.ActiveCfg = Release|Any CPU
		{43F19014-E5D0-434C-8423-D1665776C5CC}.Release|Any CPU.Build.0 = Release|Any CPU
		{2B5D8CFF-2580-4D05-A041-6428BFA2CD10}.Debug|Any CPU.ActiveCfg = Debug|Any CPU
		{2B5D8CFF-2580-4D05-A041-6428BFA2CD10}.Debug|Any CPU.Build.0 = Debug|Any CPU
		{2B5D8CFF-2580-4D05-A041-6428BFA2CD10}.Release|Any CPU.ActiveCfg = Release|Any CPU
		{2B5D8CFF-2580-4D05-A041-6428BFA2CD10}.Release|Any CPU.Build.0 = Release|Any CPU
	EndGlobalSection
	GlobalSection(SolutionProperties) = preSolution
		HideSolutionNode = FALSE
	EndGlobalSection
	GlobalSection(ExtensibilityGlobals) = postSolution
		SolutionGuid = {27586E05-9DD3-48EF-9D64-CD74C4622F6F}
	EndGlobalSection
EndGlobal
