
Microsoft Visual Studio Solution File, Format Version 12.00
# Visual Studio Version 17
VisualStudioVersion = 17.13.35931.197 d17.13
MinimumVisualStudioVersion = 10.0.40219.1
Project("{FAE04EC0-301F-11D3-BF4B-00C04F79EFBC}") = "LitShare.Web", "LitShare.Web\LitShare.Web.csproj", "{33A5DD1E-6D8F-4D51-8302-3E222A49A2D0}"
EndProject
Project("{FAE04EC0-301F-11D3-BF4B-00C04F79EFBC}") = "LitShare.BLL", "LitShare.BLL\LitShare.BLL.csproj", "{31DF3B01-0AE1-4B60-B1D7-C630C278B61C}"
EndProject
Project("{FAE04EC0-301F-11D3-BF4B-00C04F79EFBC}") = "LitShare.DAL", "LitShare.DAL\LitShare.DAL.csproj", "{6DCCC853-64F1-48FB-86B0-1C76F5CBA22A}"
EndProject
Global
	GlobalSection(SolutionConfigurationPlatforms) = preSolution
		Debug|Any CPU = Debug|Any CPU
		Release|Any CPU = Release|Any CPU
	EndGlobalSection
	GlobalSection(ProjectConfigurationPlatforms) = postSolution
		{33A5DD1E-6D8F-4D51-8302-3E222A49A2D0}.Debug|Any CPU.ActiveCfg = Debug|Any CPU
		{33A5DD1E-6D8F-4D51-8302-3E222A49A2D0}.Debug|Any CPU.Build.0 = Debug|Any CPU
		{33A5DD1E-6D8F-4D51-8302-3E222A49A2D0}.Release|Any CPU.ActiveCfg = Release|Any CPU
		{33A5DD1E-6D8F-4D51-8302-3E222A49A2D0}.Release|Any CPU.Build.0 = Release|Any CPU
		{31DF3B01-0AE1-4B60-B1D7-C630C278B61C}.Debug|Any CPU.ActiveCfg = Debug|Any CPU
		{31DF3B01-0AE1-4B60-B1D7-C630C278B61C}.Debug|Any CPU.Build.0 = Debug|Any CPU
		{31DF3B01-0AE1-4B60-B1D7-C630C278B61C}.Release|Any CPU.ActiveCfg = Release|Any CPU
		{31DF3B01-0AE1-4B60-B1D7-C630C278B61C}.Release|Any CPU.Build.0 = Release|Any CPU
		{6DCCC853-64F1-48FB-86B0-1C76F5CBA22A}.Debug|Any CPU.ActiveCfg = Debug|Any CPU
		{6DCCC853-64F1-48FB-86B0-1C76F5CBA22A}.Debug|Any CPU.Build.0 = Debug|Any CPU
		{6DCCC853-64F1-48FB-86B0-1C76F5CBA22A}.Release|Any CPU.ActiveCfg = Release|Any CPU
		{6DCCC853-64F1-48FB-86B0-1C76F5CBA22A}.Release|Any CPU.Build.0 = Release|Any CPU
	EndGlobalSection
	GlobalSection(SolutionProperties) = preSolution
		HideSolutionNode = FALSE
	EndGlobalSection
	GlobalSection(ExtensibilityGlobals) = postSolution
		SolutionGuid = {019C63CB-AE60-4AF1-886B-EFCB1EA4EE80}
	EndGlobalSection
EndGlobal
